
Microsoft Visual Studio Solution File, Format Version 12.00
# Visual Studio 15
VisualStudioVersion = 15.0.28010.2016
MinimumVisualStudioVersion = 10.0.40219.1
Project("{FAE04EC0-301F-11D3-BF4B-00C04F79EFBC}") = "AbstractClassSample", "AbstractClassSample\AbstractClassSample.csproj", "{C93C41E9-5DC7-403C-BB42-29AFD29A980A}"
EndProject
Global
	GlobalSection(SolutionConfigurationPlatforms) = preSolution
		Debug|Any CPU = Debug|Any CPU
		Release|Any CPU = Release|Any CPU
	EndGlobalSection
	GlobalSection(ProjectConfigurationPlatforms) = postSolution
		{C93C41E9-5DC7-403C-BB42-29AFD29A980A}.Debug|Any CPU.ActiveCfg = Debug|Any CPU
		{C93C41E9-5DC7-403C-BB42-29AFD29A980A}.Debug|Any CPU.Build.0 = Debug|Any CPU
		{C93C41E9-5DC7-403C-BB42-29AFD29A980A}.Release|Any CPU.ActiveCfg = Release|Any CPU
		{C93C41E9-5DC7-403C-BB42-29AFD29A980A}.Release|Any CPU.Build.0 = Release|Any CPU
	EndGlobalSection
	GlobalSection(SolutionProperties) = preSolution
		HideSolutionNode = FALSE
	EndGlobalSection
	GlobalSection(ExtensibilityGlobals) = postSolution
		SolutionGuid = {73657E18-08F0-4D9F-8932-92D1B82D84E5}
	EndGlobalSection
EndGlobal
